{"SurveyEntry":{"SurveyID":"SV_eeywFvrWwRbD7Xn","SurveyName":"Physics CFR 1 Kidsv9_brick3+training","SurveyDescription":null,"SurveyOwnerID":"UR_8CYMOXDoB3oNyyo","SurveyBrandID":"yale","DivisionID":null,"SurveyLanguage":"EN","SurveyActiveResponseSet":"RS_5AOHejwdN789xvT","SurveyStatus":"Active","SurveyStartDate":"0000-00-00 00:00:00","SurveyExpirationDate":"0000-00-00 00:00:00","SurveyCreationDate":"2015-08-27 08:23:55","CreatorID":"UR_8CYMOXDoB3oNyyo","LastModified":"2015-12-09 08:53:55","LastAccessed":"0000-00-00 00:00:00","LastActivated":"2015-08-27 08:44:38","Deleted":null},"SurveyElements":[{"SurveyID":"SV_eeywFvrWwRbD7Xn","Element":"BL","PrimaryAttribute":"Survey Blocks","SecondaryAttribute":null,"TertiaryAttribute":null,"Payload":{"0":{"Type":"Default","Description":"Default Question Block","ID":"BL_9yucnROSckM8xHn","BlockElements":[{"Type":"Question","QuestionID":"QID45"},{"Type":"Question","QuestionID":"QID46"},{"Type":"Question","QuestionID":"QID47"},{"Type":"Question","QuestionID":"QID48"},{"Type":"Question","QuestionID":"QID49"}]},"1":{"Type":"Trash","Description":"Trash \/ Unused Questions","ID":"BL_b9iVwk7NNFMIz65","BlockElements":[{"Type":"Page Break"},{"Type":"Page Break"}]},"3":{"Type":"Standard","SubType":"","Description":"FinalComments","ID":"BL_eficYKTYcxu2Mo5","BlockElements":[{"Type":"Question","QuestionID":"QID15"}]},"4":{"Type":"Standard","SubType":"","Description":"Instructionblock","ID":"BL_cG5G20wNtUi9J8p","BlockElements":[{"Type":"Question","QuestionID":"QID2"}]},"5":{"Type":"Standard","SubType":"","Description":"FlashFail","ID":"BL_cRRq7NEgG6UuhEh","BlockElements":[{"Type":"Question","QuestionID":"QID18"}]},"7":{"Type":"Standard","SubType":"","Description":"C-A","ID":"BL_3D87pZ1UoJeC0u1","BlockElements":[{"Type":"Question","QuestionID":"QID24"},{"Type":"Question","QuestionID":"QID50"},{"Type":"Question","QuestionID":"QID58"}],"Options":{"BlockLocking":"false","RandomizeQuestions":"false","Randomization":{"EvenPresentation":true}}},"8":{"Type":"Standard","SubType":"","Description":"D-A","ID":"BL_4TLW0TVyjYo3IVL","BlockElements":[{"Type":"Question","QuestionID":"QID42"},{"Type":"Question","QuestionID":"QID54"},{"Type":"Question","QuestionID":"QID60"}],"Options":{"BlockLocking":false,"RandomizeQuestions":"false","Randomization":{"EvenPresentation":true}}},"11":{"Type":"Standard","SubType":"","Description":"Demographics","ID":"BL_7P0TLCuJaw9Hj3n","BlockElements":[{"Type":"Question","QuestionID":"QID35"},{"Type":"Question","QuestionID":"QID32"},{"Type":"Page Break"},{"Type":"Question","QuestionID":"QID34"},{"Type":"Question","QuestionID":"QID33"}]},"12":{"Type":"Standard","SubType":"","Description":"T-C","ID":"BL_3VLBRgHXoDgLhJ3","BlockElements":[{"Type":"Question","QuestionID":"QID64"},{"Type":"Question","QuestionID":"QID65"},{"Type":"Question","QuestionID":"QID66"}],"Options":{"BlockLocking":false,"RandomizeQuestions":"false","Randomization":{"EvenPresentation":true}}},"13":{"Type":"Standard","SubType":"","Description":"T-D","ID":"BL_9KxMVUFGYQnWoZf","BlockElements":[{"Type":"Question","QuestionID":"QID69"},{"Type":"Question","QuestionID":"QID70"},{"Type":"Question","QuestionID":"QID71"}],"Options":{"BlockLocking":false,"RandomizeQuestions":"false","Randomization":{"EvenPresentation":true}}},"14":{"Type":"Standard","SubType":"","Description":"C-A CFR","ID":"BL_aazcRLkHTBvFKq9","BlockElements":[{"Type":"Question","QuestionID":"QID62"},{"Type":"Question","QuestionID":"QID52"}]},"15":{"Type":"Standard","SubType":"","Description":"D-A CFR","ID":"BL_dfXpV8czvtUIwBv","BlockElements":[{"Type":"Question","QuestionID":"QID63"},{"Type":"Question","QuestionID":"QID55"}]}}},{"SurveyID":"SV_eeywFvrWwRbD7Xn","Element":"FL","PrimaryAttribute":"Survey Flow","SecondaryAttribute":null,"TertiaryAttribute":null,"Payload":{"Type":"Root","FlowID":"FL_1","Flow":[{"Type":"Block","ID":"BL_9yucnROSckM8xHn","FlowID":"FL_2"},{"Type":"Standard","ID":"BL_cG5G20wNtUi9J8p","FlowID":"FL_6"},{"Type":"BlockRandomizer","FlowID":"FL_29","SubSet":2,"Flow":[{"Type":"Standard","ID":"BL_3VLBRgHXoDgLhJ3","FlowID":"FL_27"},{"Type":"Standard","ID":"BL_9KxMVUFGYQnWoZf","FlowID":"FL_28"}]},{"Type":"Branch","FlowID":"FL_21","Description":"New Branch","BranchLogic":{"0":{"0":{"LogicType":"Question","QuestionID":"QID49","QuestionIsInLoop":"no","ChoiceLocator":"q:\/\/QID49\/SelectableChoice\/1","Operator":"Selected","QuestionIDFromLocator":"QID49","LeftOperand":"q:\/\/QID49\/SelectableChoice\/1","Type":"Expression","Description":"<span class=\"ConjDesc\">If<\/span> <span class=\"QuestionDesc\">CONDITION<\/span> <span class=\"LeftOpDesc\">C<\/span> Is <span class=\"OpDesc\">Selected<\/span> "},"Type":"If"},"Type":"BooleanExpression"},"Flow":[{"Type":"Standard","ID":"BL_3D87pZ1UoJeC0u1","FlowID":"FL_11"},{"ID":"BL_aazcRLkHTBvFKq9","Type":"Standard","FlowID":"FL_30"}]},{"Type":"Branch","FlowID":"FL_22","Description":"New Branch","BranchLogic":{"0":{"0":{"LogicType":"Question","QuestionID":"QID49","QuestionIsInLoop":"no","ChoiceLocator":"q:\/\/QID49\/SelectableChoice\/2","Operator":"Selected","QuestionIDFromLocator":"QID49","LeftOperand":"q:\/\/QID49\/SelectableChoice\/2","Type":"Expression","Description":"<span class=\"ConjDesc\">If<\/span> <span class=\"QuestionDesc\">CONDITION<\/span> <span class=\"LeftOpDesc\">D<\/span> Is <span class=\"OpDesc\">Selected<\/span> "},"Type":"If"},"Type":"BooleanExpression"},"Flow":[{"Type":"Standard","ID":"BL_4TLW0TVyjYo3IVL","FlowID":"FL_13"},{"ID":"BL_dfXpV8czvtUIwBv","Type":"Standard","FlowID":"FL_31"}]},{"Type":"EndSurvey","FlowID":"FL_5","EndingType":"Advanced","Options":{"Advanced":"true","SurveyTermination":"DisplayMessage","EOSMessageLibrary":"UR_8CYMOXDoB3oNyyo","EOSMessage":"MS_8omrfV6COFDC6sQ"}}],"Properties":{"Count":31}}},{"SurveyID":"SV_eeywFvrWwRbD7Xn","Element":"SO","PrimaryAttribute":"Survey Options","SecondaryAttribute":null,"TertiaryAttribute":null,"Payload":{"BackButton":"false","SaveAndContinue":"true","SurveyProtection":"PublicSurvey","BallotBoxStuffingPrevention":"false","NoIndex":"Yes","SurveyExpiration":"None","SurveyTermination":"DefaultMessage","Header":"","Footer":"","ProgressBarDisplay":"None","PartialData":"+1 week","ValidationMessage":"","PreviousButton":"  <<  ","NextButton":"  >>  ","SkinLibrary":"Qualtrics","SkinType":"MQ","Skin":"Minimal","NewScoring":1,"PreferJFE":false,"libraryId":"","nextButtonMid":"","previousButtonMid":"","headerMid":"","footerMid":"","QuestionsPerPage":"","PageTransition":"None","ExternalCSS":null,"CustomStyles":{"errorStyles":{"selector":".Skin .ValidationError","styles":{"color":null,"backgroundColor":null,"borderColor":null}},"errorStylesBG":{"selector":".Skin .HeaderValidationError, .Skin .HeaderValidationError li a","styles":{"color":null,"backgroundColor":null}},"pageStyles":{"selector":"#SurveyEngineBody","styles":{"backgroundColor":null}},"textStyles":{"selector":".SkinInner","styles":{"fontFamily":null,"fontSize":null,"fontWeight":null,"fontStyle":null,"textDecoration":null,"color":null}},"questionStyles":{"selector":".Skin .QuestionText","styles":{"fontFamily":null,"fontSize":null,"fontWeight":null,"fontStyle":null,"textDecoration":null,"color":null}},"choiceStyles":{"selector":".Skin .horizontalbar th.ylabel, .Skin .Matrix table td, .Skin .Matrix table th, .Skin .Matrix table thead th, .Skin .Matrix table thead td, .Skin .PGR .DragAndDrop .Items label, .Skin .QuestionBody ul.ChoiceStructure, .Skin .PGR .DragAndDrop .Group ul, .Skin .PGR .DragAndDrop .Group h2, .Skin .PGR .DragAndDrop .Items ul, .Skin .PGR .DragAndDrop .Items h2, .Skin .DD .QuestionBody table.ChoiceStructure, .Skin .PGR .DragAndDrop .NoColumns td.groupsContainerTd div ul, .Skin .PGR .DragAndDrop .NoColumns td.groupsContainerTd div h2, .Skin .SBS thead th, .Skin .SBS td, .Skin .SBS .Answers td, .Skin .SBS .Answers th, .SBS table.ChoiceStructure, .Skin .horizontalbar thead table.LabelDescriptions tr td, .Skin .horizontalbar thead tr td.NotApplicable, .QuestionBody th, .Skin .QuestionBody .MC .MAVR label, .Skin .QuestionBody .MC .SAVR label, .Skin .SBS thead th, .Skin .SBS td, .Skin .RO .DND ul li, .Skin .reg, .SkinInner .ChoiceStructure, .Skin thead, .Skin .GAP .ChoiceStructure thead th, .Skin .GAP .ChoiceStructure .c4, .Skin .GAP .ChoiceStructure th, .Skin .GAP .ChoiceStructure .WhyText, .SkinInner .ChoiceStructure .LightBG, .Skin .QuestionOuter.Highlight .Inner .reg, .Skin .QuestionOuter.Highlight .Inner .alt, .Skin .QuestionOuter.Highlight .Inner .ReadableAlt       ","styles":{"fontFamily":null,"fontSize":null,"fontWeight":null,"fontStyle":null,"textDecoration":null,"color":null}},"headerStyles":{"selector":".Skin div#Header","styles":{"color":null}},"footerStyles":{"selector":".Skin #Footer","styles":{"color":null}},"questionSeparatorStyles":{"selector":".Skin .Separator","styles":{"backgroundColor":null,"display":null}},"highlightStyles":{"selector":".Skin .QuestionOuter.Highlight .Inner, .Skin .QuestionOuter.Highlight .Inner .reg, .Skin .QuestionOuter.Highlight .Inner .alt, .Skin .QuestionOuter.Highlight .Inner .ReadableAlt","styles":{"backgroundColor":null}},"highlightStylesAlt":{"selector":".Skin .QuestionOuter.Highlight .Inner .ReadableAlt, .Skin .QuestionOuter.Highlight .Inner .LightBG","styles":{"backgroundColor":null}},"textEntryStyles":{"selector":".Skin select, .Skin .InputText","styles":{"color":null}},"borderStyles":{"selector":".Skin .CS .horizontalbar table.sliderGrid tr.xlabel th, .Skin .CS .horizontalbar .ylabel, .Skin .CS .horizontalbar table.sliderGrid tr td.value, .Skin .Slider .horizontalbar table.sliderGrid tr.xlabel th, .Skin .BorderColor, .Skin .DarkBorderColor, .Skin .Slider .horizontalbar table.sliderGrid tr td.value, .Skin thead, .Skin .GAP .ChoiceStructure thead th  ","styles":{"borderColor":null}},"altRowStyles":{"selector":".Skin .ReadableAlt, .Skin .LightBG","styles":{"backgroundColor":null}},"customCSS":null},"HighlightQuestions":"off","ProtectSelectionIds":true}},{"SurveyID":"SV_eeywFvrWwRbD7Xn","Element":"SCO","PrimaryAttribute":"Scoring","SecondaryAttribute":null,"TertiaryAttribute":null,"Payload":{"ScoringCategories":[],"ScoringCategoryGroups":[],"ScoringSummaryCategory":null,"ScoringSummaryAfterQuestions":0,"ScoringSummaryAfterSurvey":0,"DefaultScoringCategory":null,"AutoScoringCategory":null}},{"SurveyID":"SV_eeywFvrWwRbD7Xn","Element":"STAT","PrimaryAttribute":"Survey Statistics","SecondaryAttribute":null,"TertiaryAttribute":null,"Payload":{"MobileCompatible":false,"ID":"Survey Statistics"}},{"SurveyID":"SV_eeywFvrWwRbD7Xn","Element":"PROJ","PrimaryAttribute":"CORE","SecondaryAttribute":"1.0.0","TertiaryAttribute":null,"Payload":null},{"SurveyID":"SV_eeywFvrWwRbD7Xn","Element":"QC","PrimaryAttribute":"Survey Question Count","SecondaryAttribute":"71","TertiaryAttribute":null,"Payload":null},{"SurveyID":"SV_eeywFvrWwRbD7Xn","Element":"SQ","PrimaryAttribute":"QID47","SecondaryAttribute":"Age","TertiaryAttribute":null,"Payload":{"QuestionText":"Age","DataExportTag":"age","QuestionType":"MC","Selector":"SAHR","SubSelector":"TX","Configuration":{"QuestionDescriptionOption":"UseText","LabelPosition":"BELOW"},"QuestionDescription":"Age","Choices":{"1":{"Display":"4"},"2":{"Display":"5"},"3":{"Display":"6"},"4":{"Display":"7"},"5":{"Display":"8"},"6":{"Display":"9"},"7":{"Display":"10"},"8":{"Display":"Other"}},"ChoiceOrder":["1","2","3","4","5","6","7","8"],"Validation":{"Settings":{"ForceResponse":"OFF","ForceResponseType":"ON","Type":"None"}},"Language":[],"QuestionID":"QID47"}},{"SurveyID":"SV_eeywFvrWwRbD7Xn","Element":"SQ","PrimaryAttribute":"QID52","SecondaryAttribute":"\u00a0 What if the brick wall\u00a0had not been there?\u00a0Would ball\u00a0\u00a0have gone into the goal?","TertiaryAttribute":null,"Payload":{"QuestionText":"<div>&nbsp;<\/div>\n\n<div><span style=\"font-size:16px;\"><span style=\"color: rgb(0, 0, 0); font-family: arial, helvetica, sans-serif;\">What if the brick wall&nbsp;<\/span><span style=\"color: rgb(0, 0, 0); font-family: arial, helvetica, sans-serif;\">had not been there?&nbsp;Would ball&nbsp;<\/span><img src=\"https:\/\/yale.qualtrics.com\/CP\/Graphic.php?IM=IM_2sZfKDx6jEHSxgx\" style=\"border: 0px; color: rgb(0, 0, 0); font-family: arial, helvetica, sans-serif; font-size: 12px; width: 25px; height: 25px;\" \/><span style=\"color: rgb(0, 0, 0); font-family: arial, helvetica, sans-serif;\">&nbsp;have gone into the goal?<\/span><\/span><\/div>","DataExportTag":"C-Acntrfct","QuestionType":"MC","Selector":"SAHR","SubSelector":"TX","Configuration":{"QuestionDescriptionOption":"UseText","LabelPosition":"BELOW"},"QuestionDescription":"\u00a0 What if the brick wall\u00a0had not been there?\u00a0Would ball\u00a0\u00a0have gone into the goal?","Choices":{"1":{"Display":"Yes"},"2":{"Display":"No"}},"ChoiceOrder":["1","2"],"Validation":{"Settings":{"ForceResponse":"OFF","ForceResponseType":"ON","Type":"None"}},"Language":[],"QuestionID":"QID52"}},{"SurveyID":"SV_eeywFvrWwRbD7Xn","Element":"SQ","PrimaryAttribute":"QID50","SecondaryAttribute":"Before ball\u00a0\u00a0hit ball\u00a0, was ball\u00a0\u00a0moving or sitting still?","TertiaryAttribute":null,"Payload":{"QuestionText":"<div><span style=\"font-size:16px;\">Before ball&nbsp;<\/span><img src=\"https:\/\/yale.qualtrics.com\/CP\/Graphic.php?IM=IM_2aj9caOqfxOjtaZ\" style=\"width: 25px; height: 25px;\" \/><span style=\"font-size: 16px;\">&nbsp;hit ball&nbsp;<img src=\"https:\/\/yale.qualtrics.com\/CP\/Graphic.php?IM=IM_2sZfKDx6jEHSxgx\" style=\"width: 25px; height: 25px;\" \/>, was ball&nbsp;<\/span><img src=\"https:\/\/yale.qualtrics.com\/CP\/Graphic.php?IM=IM_2sZfKDx6jEHSxgx\" style=\"opacity: 0.9; font-size: 16px; width: 25px; height: 25px;\" \/><span style=\"font-size: 16px;\">&nbsp;moving or sitting still<\/span><span style=\"font-size:16px;\">?<\/span><\/div>","DataExportTag":"C-A begin","QuestionType":"MC","Selector":"SAHR","SubSelector":"TX","Configuration":{"QuestionDescriptionOption":"UseText","LabelPosition":"BELOW"},"QuestionDescription":"Before ball\u00a0\u00a0hit ball\u00a0, was ball\u00a0\u00a0moving or sitting still?","Choices":{"1":{"Display":"Moving"},"2":{"Display":"Sitting still"}},"ChoiceOrder":["1","2"],"Validation":{"Settings":{"ForceResponse":"OFF","ForceResponseType":"ON","Type":"None"}},"Language":[],"QuestionID":"QID50"}},{"SurveyID":"SV_eeywFvrWwRbD7Xn","Element":"SQ","PrimaryAttribute":"QID54","SecondaryAttribute":"Before ball\u00a0\u00a0hit ball\u00a0, was ball\u00a0\u00a0moving or sitting still?","TertiaryAttribute":null,"Payload":{"QuestionText":"<span style=\"font-size:16px;\">Before ball&nbsp;<\/span><img src=\"https:\/\/yale.qualtrics.com\/CP\/Graphic.php?IM=IM_2aj9caOqfxOjtaZ\" style=\"width: 25px; height: 25px;\" \/><span style=\"font-size:16px;\">&nbsp;hit ball&nbsp;<img src=\"https:\/\/yale.qualtrics.com\/CP\/Graphic.php?IM=IM_2sZfKDx6jEHSxgx\" style=\"width: 25px; height: 25px;\" \/>, was ball&nbsp;<\/span><img src=\"https:\/\/yale.qualtrics.com\/CP\/Graphic.php?IM=IM_2sZfKDx6jEHSxgx\" style=\"opacity: 0.9; font-size: 16px; width: 25px; height: 25px;\" \/><span style=\"font-size:16px;\">&nbsp;moving or sitting still<\/span><span style=\"font-size:16px;\">?<\/span>","DataExportTag":"D-A begin","QuestionType":"MC","Selector":"SAHR","SubSelector":"TX","Configuration":{"QuestionDescriptionOption":"UseText","LabelPosition":"BELOW"},"QuestionDescription":"Before ball\u00a0\u00a0hit ball\u00a0, was ball\u00a0\u00a0moving or sitting still?","Choices":{"1":{"Display":"Moving"},"2":{"Display":"Sitting still"}},"ChoiceOrder":["1","2"],"Validation":{"Settings":{"ForceResponse":"OFF","ForceResponseType":"ON","Type":"None"}},"Language":[],"QuestionID":"QID54"}},{"SurveyID":"SV_eeywFvrWwRbD7Xn","Element":"SQ","PrimaryAttribute":"QID65","SecondaryAttribute":"Before ball\u00a0\u00a0hit ball\u00a0, was ball\u00a0\u00a0moving or sitting still?","TertiaryAttribute":null,"Payload":{"QuestionText":"<div><span style=\"font-size:16px;\">Before ball&nbsp;<\/span><img src=\"https:\/\/yale.qualtrics.com\/CP\/Graphic.php?IM=IM_2aj9caOqfxOjtaZ\" style=\"width: 25px; height: 25px;\" \/><span style=\"font-size: 16px;\">&nbsp;hit ball&nbsp;<img src=\"https:\/\/yale.qualtrics.com\/CP\/Graphic.php?IM=IM_2sZfKDx6jEHSxgx\" style=\"width: 25px; height: 25px;\" \/>, was ball&nbsp;<\/span><img src=\"https:\/\/yale.qualtrics.com\/CP\/Graphic.php?IM=IM_2sZfKDx6jEHSxgx\" style=\"opacity: 0.9; font-size: 16px; width: 25px; height: 25px;\" \/><span style=\"font-size: 16px;\">&nbsp;moving or sitting still<\/span><span style=\"font-size:16px;\">?<\/span><\/div>","QuestionType":"MC","Selector":"SAHR","SubSelector":"TX","Configuration":{"QuestionDescriptionOption":"UseText","LabelPosition":"BELOW"},"QuestionDescription":"Before ball\u00a0\u00a0hit ball\u00a0, was ball\u00a0\u00a0moving or sitting still?","Choices":{"1":{"Display":"Moving"},"2":{"Display":"Sitting still"}},"ChoiceOrder":["1","2"],"Validation":{"Settings":{"ForceResponse":"OFF","ForceResponseType":"ON","Type":"None"}},"Language":[],"QuestionText_Unsafe":"<div><span style=\"font-size:16px;\">Before ball&nbsp;<\/span><img src=\"https:\/\/yale.qualtrics.com\/CP\/Graphic.php?IM=IM_2aj9caOqfxOjtaZ\" style=\"width: 25px; height: 25px;\" \/><span style=\"font-size: 16px;\">&nbsp;hit ball&nbsp;<img src=\"https:\/\/yale.qualtrics.com\/CP\/Graphic.php?IM=IM_2sZfKDx6jEHSxgx\" style=\"width: 25px; height: 25px;\" \/>, was ball&nbsp;<\/span><img src=\"https:\/\/yale.qualtrics.com\/CP\/Graphic.php?IM=IM_2sZfKDx6jEHSxgx\" style=\"opacity: 0.9; font-size: 16px; width: 25px; height: 25px;\" \/><span style=\"font-size: 16px;\">&nbsp;moving or sitting still<\/span><span style=\"font-size:16px;\">?<\/span><\/div>","DataExportTag":"T-C begin","QuestionID":"QID65"}},{"SurveyID":"SV_eeywFvrWwRbD7Xn","Element":"SQ","PrimaryAttribute":"QID70","SecondaryAttribute":"Before ball\u00a0\u00a0hit ball\u00a0, was ball\u00a0\u00a0moving or sitting still?","TertiaryAttribute":null,"Payload":{"QuestionText":"<div><span style=\"font-size:16px;\">Before ball&nbsp;<\/span><img src=\"https:\/\/yale.qualtrics.com\/CP\/Graphic.php?IM=IM_2aj9caOqfxOjtaZ\" style=\"width: 25px; height: 25px;\" \/><span style=\"font-size: 16px;\">&nbsp;hit ball&nbsp;<img src=\"https:\/\/yale.qualtrics.com\/CP\/Graphic.php?IM=IM_2sZfKDx6jEHSxgx\" style=\"width: 25px; height: 25px;\" \/>, was ball&nbsp;<\/span><img src=\"https:\/\/yale.qualtrics.com\/CP\/Graphic.php?IM=IM_2sZfKDx6jEHSxgx\" style=\"opacity: 0.9; font-size: 16px; width: 25px; height: 25px;\" \/><span style=\"font-size: 16px;\">&nbsp;moving or sitting still<\/span><span style=\"font-size:16px;\">?<\/span><\/div>","QuestionType":"MC","Selector":"SAHR","SubSelector":"TX","Configuration":{"QuestionDescriptionOption":"UseText","LabelPosition":"BELOW"},"QuestionDescription":"Before ball\u00a0\u00a0hit ball\u00a0, was ball\u00a0\u00a0moving or sitting still?","Choices":{"1":{"Display":"Moving"},"2":{"Display":"Sitting still"}},"ChoiceOrder":["1","2"],"Validation":{"Settings":{"ForceResponse":"OFF","ForceResponseType":"ON","Type":"None"}},"Language":[],"QuestionText_Unsafe":"<div><span style=\"font-size:16px;\">Before ball&nbsp;<\/span><img src=\"https:\/\/yale.qualtrics.com\/CP\/Graphic.php?IM=IM_2aj9caOqfxOjtaZ\" style=\"width: 25px; height: 25px;\" \/><span style=\"font-size: 16px;\">&nbsp;hit ball&nbsp;<img src=\"https:\/\/yale.qualtrics.com\/CP\/Graphic.php?IM=IM_2sZfKDx6jEHSxgx\" style=\"width: 25px; height: 25px;\" \/>, was ball&nbsp;<\/span><img src=\"https:\/\/yale.qualtrics.com\/CP\/Graphic.php?IM=IM_2sZfKDx6jEHSxgx\" style=\"opacity: 0.9; font-size: 16px; width: 25px; height: 25px;\" \/><span style=\"font-size: 16px;\">&nbsp;moving or sitting still<\/span><span style=\"font-size:16px;\">?<\/span><\/div>","DataExportTag":"T-D begin","QuestionID":"QID70"}},{"SurveyID":"SV_eeywFvrWwRbD7Xn","Element":"SQ","PrimaryAttribute":"QID42","SecondaryAttribute":"Click here to start the animation. \u00a0","TertiaryAttribute":null,"Payload":{"QuestionText":"<img src=\"https:\/\/yale.qualtrics.com\/CP\/Graphic.php?IM=IM_eS6IqSMpTniBZgF\" style=\"width: 600px; height: 450px; z-index:-1; position:absolute; left:31\" \/>\n<div id=\"inst\" style=\"position:absolute; z-index:2; margin-top:100px; margin-left:150px; font-size:125%\"><b>Click here to start the animation.<\/b><\/div>\n<img id=\"img1\" src=\"https:\/\/yale.qualtrics.com\/CP\/Graphic.php?IM=IM_26a1eEicE87vzq5\" style=\"width: 600px; height: 450px;\" \/><br \/>\n<br \/>\n<br \/>\n<br \/>\n<br \/>\n&nbsp;","QuestionJS":"Qualtrics.SurveyEngine.addOnload(function()\n{\n\t\/*Place Your Javascript Below This Line*\/\n\tdocument.getElementById(\"img1\").style.visibility=\"hidden\";\n\tEvent.observe(document, 'click', function keydownCallback(e) {\n \t\tvar choiceID = 1;\n\t\tif (choiceID){\n\t\tEvent.stopObserving(document, 'click', keydownCallback);\/\/makes it one-shot.\n\t\tdocument.getElementById(\"inst\").style.visibility=\"hidden\";\n\t\tsetTimeout(function(){\n\t\t\tdocument.getElementById(\"img1\").style.visibility=\"visible\"\n\t\t\tOrigsrc= document.getElementById(\"img1\").src;\n\t\t\tdocument.getElementById(\"img1\").src=Origsrc+\"#9999\";\n\t\t\t\/\/setTimeout(function(){document.getElementById(\"img1\").src=Origsrc+\"#9997\"},8000);\n\t\t},500);\n\t\t\/*function prompt(){document.getElementById(\"inst\").innerHTML = \"Respond below!\";\n\t\t\t\t  document.getElementById(\"inst\").style.visibility = \"visible\";}*\/\n\t\t}\n\t});\n\n});","DefaultChoices":false,"DataExportTag":"D-A","QuestionID":"QID42","QuestionType":"DB","Selector":"TB","Configuration":{"QuestionDescriptionOption":"UseText"},"QuestionDescription":"Click here to start the animation. \u00a0","ChoiceOrder":[],"Validation":{"Settings":{"Type":"None"}},"GradingData":[],"Language":[]}},{"SurveyID":"SV_eeywFvrWwRbD7Xn","Element":"SQ","PrimaryAttribute":"QID24","SecondaryAttribute":"Click here to start the animation. \u00a0 \u00a0","TertiaryAttribute":null,"Payload":{"QuestionText":"<div><img src=\"https:\/\/yale.qualtrics.com\/CP\/Graphic.php?IM=IM_eS6IqSMpTniBZgF\" style=\"width: 600px; height: 450px; z-index: -1; position: absolute;\" \/><\/div>\n\n<div id=\"inst\" style=\"position:absolute; z-index:2; margin-top:100px; margin-left:150px; font-size:125%\"><b>Click here to start the animation.<\/b><\/div>\n<img id=\"img1\" src=\"https:\/\/yale.qualtrics.com\/CP\/Graphic.php?IM=IM_4MCUVI7f1Knf5WZ\" style=\"width: 600px; height: 450px;\" \/>\n<div>&nbsp;<\/div>\n<br \/>\n<br \/>\n<br \/>\n&nbsp;","QuestionJS":"Qualtrics.SurveyEngine.addOnload(function()\n{\n\t\/*Place Your Javascript Below This Line*\/\n\tdocument.getElementById(\"img1\").style.visibility=\"hidden\";\n\tEvent.observe(document, 'click', function keydownCallback(e) {\n \t\tvar choiceID = 1;\n\t\tif (choiceID){\n\t\tEvent.stopObserving(document, 'click', keydownCallback);\/\/makes it one-shot.\n\t\tdocument.getElementById(\"inst\").style.visibility=\"hidden\";\n\t\tsetTimeout(function(){\n\t\t\tdocument.getElementById(\"img1\").style.visibility=\"visible\"\n\t\t\tOrigsrc= document.getElementById(\"img1\").src;\n\t\t\tdocument.getElementById(\"img1\").src=Origsrc+\"#9999\";\n\t\t\t\/\/setTimeout(function(){document.getElementById(\"img1\").src=Origsrc+\"#9997\"},8000);\n\t\t},500);\n\t\t\/*function prompt(){document.getElementById(\"inst\").innerHTML = \"Respond below!\";\n\t\t\t\t  document.getElementById(\"inst\").style.visibility = \"visible\";}*\/\n\t\t}\n\t});\n\n});","DefaultChoices":false,"DataExportTag":"C-A","QuestionID":"QID24","QuestionType":"DB","Selector":"TB","Configuration":{"QuestionDescriptionOption":"UseText"},"QuestionDescription":"Click here to start the animation. \u00a0 \u00a0","ChoiceOrder":[],"Validation":{"Settings":{"Type":"None"}},"GradingData":[],"Language":[]}},{"SurveyID":"SV_eeywFvrWwRbD7Xn","Element":"SQ","PrimaryAttribute":"QID64","SecondaryAttribute":"Click here to start the animation. \u00a0 \u00a0","TertiaryAttribute":null,"Payload":{"QuestionText":"<div><img src=\"https:\/\/yale.qualtrics.com\/CP\/Graphic.php?IM=IM_eS6IqSMpTniBZgF\" style=\"width: 600px; height: 450px; z-index: -1; position: absolute;\" \/><\/div>\n\n<div id=\"inst\" style=\"position:absolute; z-index:2; margin-top:100px; margin-left:150px; font-size:125%\"><b>Click here to start the animation.<\/b><\/div>\n<img id=\"img1\" src=\"https:\/\/yale.qualtrics.com\/CP\/Graphic.php?IM=IM_bwjiaSxvO429zLf\" style=\"width: 600px; height: 450px;\" \/>\n<div>&nbsp;<\/div>\n<br \/>\n<br \/>\n<br \/>\n&nbsp;","QuestionJS":"Qualtrics.SurveyEngine.addOnload(function()\n{\n\t\/*Place Your Javascript Below This Line*\/\n\tdocument.getElementById(\"img1\").style.visibility=\"hidden\";\n\tEvent.observe(document, 'click', function keydownCallback(e) {\n \t\tvar choiceID = 1;\n\t\tif (choiceID){\n\t\tEvent.stopObserving(document, 'click', keydownCallback);\/\/makes it one-shot.\n\t\tdocument.getElementById(\"inst\").style.visibility=\"hidden\";\n\t\tsetTimeout(function(){\n\t\t\tdocument.getElementById(\"img1\").style.visibility=\"visible\"\n\t\t\tOrigsrc= document.getElementById(\"img1\").src;\n\t\t\tdocument.getElementById(\"img1\").src=Origsrc+\"#9999\";\n\t\t\tsetTimeout(Event.observe(document, 'click', function keydownCallback(e) {\n \t\t\t\tvar choiceID = 1;\n\t\t\t\tif (choiceID){\n\t\t\t\tEvent.stopObserving(document, 'click', keydownCallback);\/\/makes it one-shot.\n\t\t\t\tdocument.getElementById(\"inst\").style.visibility=\"hidden\";\n\t\t\t\tsetTimeout(function(){\n\t\t\t\t\tdocument.getElementById(\"img1\").style.visibility=\"visible\"\n\t\t\t\t\tOrigsrc= document.getElementById(\"img1\").src;\n\t\t\t\t\tdocument.getElementById(\"img1\").src=Origsrc+\"#9999\";\n\t\t\t\t}, 500);} }),8000);\n\t\t\t\n\t\t},500);\n\t\t\/*function prompt(){document.getElementById(\"inst\").innerHTML = \"Respond below!\";\n\t\t\t\t  document.getElementById(\"inst\").style.visibility = \"visible\";}*\/\n\t\t}\n\t});\n\n});","DefaultChoices":false,"QuestionType":"DB","Selector":"TB","Configuration":{"QuestionDescriptionOption":"UseText"},"QuestionDescription":"Click here to start the animation. \u00a0 \u00a0","ChoiceOrder":[],"Validation":{"Settings":{"Type":"None"}},"GradingData":[],"Language":[],"QuestionText_Unsafe":"<div><img src=\"https:\/\/yale.qualtrics.com\/CP\/Graphic.php?IM=IM_eS6IqSMpTniBZgF\" style=\"width: 600px; height: 450px; z-index: -1; position: absolute;\" \/><\/div>\n\n<div id=\"inst\" style=\"position:absolute; z-index:2; margin-top:100px; margin-left:150px; font-size:125%\"><b>Click here to start the animation.<\/b><\/div>\n<img id=\"img1\" src=\"https:\/\/yale.qualtrics.com\/CP\/Graphic.php?IM=IM_4MCUVI7f1Knf5WZ\" style=\"width: 600px; height: 450px;\" \/>\n<div>&nbsp;<\/div>\n<br \/>\n<br \/>\n<br \/>\n&nbsp;","DataExportTag":"T-C","QuestionID":"QID64"}},{"SurveyID":"SV_eeywFvrWwRbD7Xn","Element":"SQ","PrimaryAttribute":"QID69","SecondaryAttribute":"Click here to start the animation. \u00a0 \u00a0","TertiaryAttribute":null,"Payload":{"QuestionText":"<div><img src=\"https:\/\/yale.qualtrics.com\/CP\/Graphic.php?IM=IM_eS6IqSMpTniBZgF\" style=\"width: 600px; height: 450px; z-index: -1; position: absolute;\" \/><\/div>\n\n<div id=\"inst\" style=\"position:absolute; z-index:2; margin-top:100px; margin-left:150px; font-size:125%\"><b>Click here to start the animation.<\/b><\/div>\n<img id=\"img1\" src=\"https:\/\/yale.qualtrics.com\/CP\/Graphic.php?IM=IM_50kQnHz1WKLAQ61\" style=\"width: 600px; height: 450px;\" \/>\n<div>&nbsp;<\/div>\n<br \/>\n<br \/>\n<br \/>\n&nbsp;","QuestionJS":"Qualtrics.SurveyEngine.addOnload(function()\n{\n\t\/*Place Your Javascript Below This Line*\/\n\tdocument.getElementById(\"img1\").style.visibility=\"hidden\";\n\tEvent.observe(document, 'click', function keydownCallback(e) {\n \t\tvar choiceID = 1;\n\t\tif (choiceID){\n\t\tEvent.stopObserving(document, 'click', keydownCallback);\/\/makes it one-shot.\n\t\tdocument.getElementById(\"inst\").style.visibility=\"hidden\";\n\t\tsetTimeout(function(){\n\t\t\tdocument.getElementById(\"img1\").style.visibility=\"visible\"\n\t\t\tOrigsrc= document.getElementById(\"img1\").src;\n\t\t\tdocument.getElementById(\"img1\").src=Origsrc+\"#9999\";\n\t\t\tsetTimeout(Event.observe(document, 'click', function keydownCallback(e) {\n \t\t\t\tvar choiceID = 1;\n\t\t\t\tif (choiceID){\n\t\t\t\tEvent.stopObserving(document, 'click', keydownCallback);\/\/makes it one-shot.\n\t\t\t\tdocument.getElementById(\"inst\").style.visibility=\"hidden\";\n\t\t\t\tsetTimeout(function(){\n\t\t\t\t\tdocument.getElementById(\"img1\").style.visibility=\"visible\"\n\t\t\t\t\tOrigsrc= document.getElementById(\"img1\").src;\n\t\t\t\t\tdocument.getElementById(\"img1\").src=Origsrc+\"#9999\";\n\t\t\t\t}, 500);} }),8000);\n\t\t\t\n\t\t},500);\n\t\t\/*function prompt(){document.getElementById(\"inst\").innerHTML = \"Respond below!\";\n\t\t\t\t  document.getElementById(\"inst\").style.visibility = \"visible\";}*\/\n\t\t}\n\t});\n\n});","DefaultChoices":false,"QuestionType":"DB","Selector":"TB","Configuration":{"QuestionDescriptionOption":"UseText"},"QuestionDescription":"Click here to start the animation. \u00a0 \u00a0","ChoiceOrder":[],"Validation":{"Settings":{"Type":"None"}},"GradingData":[],"Language":[],"QuestionText_Unsafe":"<div><img src=\"https:\/\/yale.qualtrics.com\/CP\/Graphic.php?IM=IM_eS6IqSMpTniBZgF\" style=\"width: 600px; height: 450px; z-index: -1; position: absolute;\" \/><\/div>\n\n<div id=\"inst\" style=\"position:absolute; z-index:2; margin-top:100px; margin-left:150px; font-size:125%\"><b>Click here to start the animation.<\/b><\/div>\n<img id=\"img1\" src=\"https:\/\/yale.qualtrics.com\/CP\/Graphic.php?IM=IM_bwjiaSxvO429zLf\" style=\"width: 600px; height: 450px;\" \/>\n<div>&nbsp;<\/div>\n<br \/>\n<br \/>\n<br \/>\n&nbsp;","DataExportTag":"T-D","QuestionID":"QID69"}},{"SurveyID":"SV_eeywFvrWwRbD7Xn","Element":"SQ","PrimaryAttribute":"QID62","SecondaryAttribute":"Click here to start the animation. \u00a0 Now let's watch that last movie one more time, and I have a...","TertiaryAttribute":null,"Payload":{"QuestionText":"<div><img src=\"https:\/\/yale.qualtrics.com\/CP\/Graphic.php?IM=IM_eS6IqSMpTniBZgF\" style=\"width: 600px; height: 450px; z-index: -1; position: absolute;\" \/><\/div>\n\n<div id=\"inst\" style=\"position:absolute; z-index:2; margin-top:100px; margin-left:150px; font-size:125%\"><b>Click here to start the animation.<\/b><\/div>\n<img id=\"img1\" src=\"https:\/\/yale.qualtrics.com\/CP\/Graphic.php?IM=IM_4MCUVI7f1Knf5WZ\" style=\"width: 600px; height: 450px;\" \/>\n<div>&nbsp;<\/div>\n<br \/>\n<br \/>\n<br \/>\nNow let&#39;s watch that last movie one more time, and I have a different question about it.","QuestionJS":"Qualtrics.SurveyEngine.addOnload(function()\n{\n\t\/*Place Your Javascript Below This Line*\/\n\tdocument.getElementById(\"img1\").style.visibility=\"hidden\";\n\tEvent.observe(document, 'click', function keydownCallback(e) {\n \t\tvar choiceID = 1;\n\t\tif (choiceID){\n\t\tEvent.stopObserving(document, 'click', keydownCallback);\/\/makes it one-shot.\n\t\tdocument.getElementById(\"inst\").style.visibility=\"hidden\";\n\t\tsetTimeout(function(){\n\t\t\tdocument.getElementById(\"img1\").style.visibility=\"visible\"\n\t\t\tOrigsrc= document.getElementById(\"img1\").src;\n\t\t\tdocument.getElementById(\"img1\").src=Origsrc+\"#9999\";\n\t\t\t\/\/setTimeout(function(){document.getElementById(\"img1\").src=Origsrc+\"#9997\"},8000);\n\t\t},500);\n\t\t\/*function prompt(){document.getElementById(\"inst\").innerHTML = \"Respond below!\";\n\t\t\t\t  document.getElementById(\"inst\").style.visibility = \"visible\";}*\/\n\t\t}\n\t});\n\n});","DefaultChoices":false,"DataExportTag":"C-A2","QuestionType":"DB","Selector":"TB","Configuration":{"QuestionDescriptionOption":"UseText"},"QuestionDescription":"Click here to start the animation. \u00a0 Now let's watch that last movie one more time, and I have a...","ChoiceOrder":[],"Validation":{"Settings":{"Type":"None"}},"GradingData":[],"Language":[],"QuestionID":"QID62"}},{"SurveyID":"SV_eeywFvrWwRbD7Xn","Element":"SQ","PrimaryAttribute":"QID63","SecondaryAttribute":"Click here to start the animation. Now let's watch that last movie again, and I have a different...","TertiaryAttribute":null,"Payload":{"QuestionText":"<img src=\"https:\/\/yale.qualtrics.com\/CP\/Graphic.php?IM=IM_eS6IqSMpTniBZgF\" style=\"width: 600px; height: 450px; z-index:-1; position:absolute; left:31\" \/>\n<div id=\"inst\" style=\"position:absolute; z-index:2; margin-top:100px; margin-left:150px; font-size:125%\"><b>Click here to start the animation.<\/b><\/div>\n<img id=\"img1\" src=\"https:\/\/yale.qualtrics.com\/CP\/Graphic.php?IM=IM_26a1eEicE87vzq5\" style=\"width: 600px; height: 450px;\" \/><br \/>\n<br \/>\n<br \/>\n<br \/>\n<br \/>\nNow let&#39;s watch that last movie again, and I have a different question about it.","QuestionJS":"Qualtrics.SurveyEngine.addOnload(function()\n{\n\t\/*Place Your Javascript Below This Line*\/\n\tdocument.getElementById(\"img1\").style.visibility=\"hidden\";\n\tEvent.observe(document, 'click', function keydownCallback(e) {\n \t\tvar choiceID = 1;\n\t\tif (choiceID){\n\t\tEvent.stopObserving(document, 'click', keydownCallback);\/\/makes it one-shot.\n\t\tdocument.getElementById(\"inst\").style.visibility=\"hidden\";\n\t\tsetTimeout(function(){\n\t\t\tdocument.getElementById(\"img1\").style.visibility=\"visible\"\n\t\t\tOrigsrc= document.getElementById(\"img1\").src;\n\t\t\tdocument.getElementById(\"img1\").src=Origsrc+\"#9999\";\n\t\t\t\/\/setTimeout(function(){document.getElementById(\"img1\").src=Origsrc+\"#9997\"},8000);\n\t\t},500);\n\t\t\/*function prompt(){document.getElementById(\"inst\").innerHTML = \"Respond below!\";\n\t\t\t\t  document.getElementById(\"inst\").style.visibility = \"visible\";}*\/\n\t\t}\n\t});\n\n});","DefaultChoices":false,"DataExportTag":"D-A2","QuestionType":"DB","Selector":"TB","Configuration":{"QuestionDescriptionOption":"UseText"},"QuestionDescription":"Click here to start the animation. Now let's watch that last movie again, and I have a different...","ChoiceOrder":[],"Validation":{"Settings":{"Type":"None"}},"GradingData":[],"Language":[],"QuestionID":"QID63"}},{"SurveyID":"SV_eeywFvrWwRbD7Xn","Element":"SQ","PrimaryAttribute":"QID49","SecondaryAttribute":"CONDITION","TertiaryAttribute":null,"Payload":{"QuestionText":"CONDITION","DataExportTag":"cond","QuestionType":"MC","Selector":"SAHR","SubSelector":"TX","Configuration":{"QuestionDescriptionOption":"UseText","LabelPosition":"BELOW"},"QuestionDescription":"CONDITION","Choices":{"1":{"Display":"C"},"2":{"Display":"D"}},"ChoiceOrder":["1","2"],"Validation":{"Settings":{"ForceResponse":"ON","ForceResponseType":"ON","Type":"None"}},"Language":[],"QuestionID":"QID49"}},{"SurveyID":"SV_eeywFvrWwRbD7Xn","Element":"RS","PrimaryAttribute":"RS_5AOHejwdN789xvT","SecondaryAttribute":"Default Response Set","TertiaryAttribute":null,"Payload":null},{"SurveyID":"SV_eeywFvrWwRbD7Xn","Element":"SQ","PrimaryAttribute":"QID58","SecondaryAttribute":"Did ball\u00a0\u00a0go into the goal?","TertiaryAttribute":null,"Payload":{"QuestionText":"<span style=\"font-size:16px;\"><span style=\"color: rgb(0, 0, 0); font-family: arial, helvetica, sans-serif;\">Did ball&nbsp;<\/span><img src=\"https:\/\/yale.qualtrics.com\/CP\/Graphic.php?IM=IM_2sZfKDx6jEHSxgx\" style=\"border: 0px; color: rgb(0, 0, 0); font-family: arial, helvetica, sans-serif; font-size: 12px; width: 25px; height: 25px;\" \/><span style=\"color: rgb(0, 0, 0); font-family: arial, helvetica, sans-serif;\">&nbsp;go into the goal?<\/span><\/span>","DataExportTag":"C-A end","QuestionType":"MC","Selector":"SAHR","SubSelector":"TX","Configuration":{"QuestionDescriptionOption":"UseText","LabelPosition":"BELOW"},"QuestionDescription":"Did ball\u00a0\u00a0go into the goal?","Choices":{"1":{"Display":"Yes"},"2":{"Display":"No"}},"ChoiceOrder":["1","2"],"Validation":{"Settings":{"ForceResponse":"OFF","ForceResponseType":"ON","Type":"None"}},"Language":[],"QuestionID":"QID58"}},{"SurveyID":"SV_eeywFvrWwRbD7Xn","Element":"SQ","PrimaryAttribute":"QID60","SecondaryAttribute":"Did ball\u00a0\u00a0go into the goal?","TertiaryAttribute":null,"Payload":{"QuestionText":"<span style=\"font-size:16px;\"><span style=\"color: rgb(0, 0, 0); font-family: arial, helvetica, sans-serif;\">Did ball&nbsp;<\/span><img src=\"https:\/\/yale.qualtrics.com\/CP\/Graphic.php?IM=IM_2sZfKDx6jEHSxgx\" style=\"border: 0px; color: rgb(0, 0, 0); font-family: arial, helvetica, sans-serif; font-size: 12px; width: 25px; height: 25px;\" \/><span style=\"color: rgb(0, 0, 0); font-family: arial, helvetica, sans-serif;\">&nbsp;go into the goal?<\/span><\/span>","DataExportTag":"D-A end","QuestionType":"MC","Selector":"SAHR","SubSelector":"TX","Configuration":{"QuestionDescriptionOption":"UseText","LabelPosition":"BELOW"},"QuestionDescription":"Did ball\u00a0\u00a0go into the goal?","Choices":{"1":{"Display":"Yes"},"2":{"Display":"No"}},"ChoiceOrder":["1","2"],"Validation":{"Settings":{"ForceResponse":"OFF","ForceResponseType":"ON","Type":"None"}},"Language":[],"QuestionID":"QID60"}},{"SurveyID":"SV_eeywFvrWwRbD7Xn","Element":"SQ","PrimaryAttribute":"QID66","SecondaryAttribute":"Did ball\u00a0\u00a0go into the goal?","TertiaryAttribute":null,"Payload":{"QuestionText":"<span style=\"font-size:16px;\"><span style=\"color: rgb(0, 0, 0); font-family: arial, helvetica, sans-serif;\">Did ball&nbsp;<\/span><img src=\"https:\/\/yale.qualtrics.com\/CP\/Graphic.php?IM=IM_2sZfKDx6jEHSxgx\" style=\"border: 0px; color: rgb(0, 0, 0); font-family: arial, helvetica, sans-serif; font-size: 12px; width: 25px; height: 25px;\" \/><span style=\"color: rgb(0, 0, 0); font-family: arial, helvetica, sans-serif;\">&nbsp;go into the goal?<\/span><\/span>","QuestionType":"MC","Selector":"SAHR","SubSelector":"TX","Configuration":{"QuestionDescriptionOption":"UseText","LabelPosition":"BELOW"},"QuestionDescription":"Did ball\u00a0\u00a0go into the goal?","Choices":{"1":{"Display":"Yes"},"2":{"Display":"No"}},"ChoiceOrder":["1","2"],"Validation":{"Settings":{"ForceResponse":"OFF","ForceResponseType":"ON","Type":"None"}},"Language":[],"QuestionText_Unsafe":"<span style=\"font-size:16px;\"><span style=\"color: rgb(0, 0, 0); font-family: arial, helvetica, sans-serif;\">Did ball&nbsp;<\/span><img src=\"https:\/\/yale.qualtrics.com\/CP\/Graphic.php?IM=IM_2sZfKDx6jEHSxgx\" style=\"border: 0px; color: rgb(0, 0, 0); font-family: arial, helvetica, sans-serif; font-size: 12px; width: 25px; height: 25px;\" \/><span style=\"color: rgb(0, 0, 0); font-family: arial, helvetica, sans-serif;\">&nbsp;go into the goal?<\/span><\/span>","DataExportTag":"T-C end","QuestionID":"QID66"}},{"SurveyID":"SV_eeywFvrWwRbD7Xn","Element":"SQ","PrimaryAttribute":"QID71","SecondaryAttribute":"Did ball\u00a0\u00a0go into the goal?","TertiaryAttribute":null,"Payload":{"QuestionText":"<span style=\"font-size:16px;\"><span style=\"color: rgb(0, 0, 0); font-family: arial, helvetica, sans-serif;\">Did ball&nbsp;<\/span><img src=\"https:\/\/yale.qualtrics.com\/CP\/Graphic.php?IM=IM_2sZfKDx6jEHSxgx\" style=\"border: 0px; color: rgb(0, 0, 0); font-family: arial, helvetica, sans-serif; font-size: 12px; width: 25px; height: 25px;\" \/><span style=\"color: rgb(0, 0, 0); font-family: arial, helvetica, sans-serif;\">&nbsp;go into the goal?<\/span><\/span>","QuestionType":"MC","Selector":"SAHR","SubSelector":"TX","Configuration":{"QuestionDescriptionOption":"UseText","LabelPosition":"BELOW"},"QuestionDescription":"Did ball\u00a0\u00a0go into the goal?","Choices":{"1":{"Display":"Yes"},"2":{"Display":"No"}},"ChoiceOrder":["1","2"],"Validation":{"Settings":{"ForceResponse":"OFF","ForceResponseType":"ON","Type":"None"}},"Language":[],"QuestionText_Unsafe":"<span style=\"font-size:16px;\"><span style=\"color: rgb(0, 0, 0); font-family: arial, helvetica, sans-serif;\">Did ball&nbsp;<\/span><img src=\"https:\/\/yale.qualtrics.com\/CP\/Graphic.php?IM=IM_2sZfKDx6jEHSxgx\" style=\"border: 0px; color: rgb(0, 0, 0); font-family: arial, helvetica, sans-serif; font-size: 12px; width: 25px; height: 25px;\" \/><span style=\"color: rgb(0, 0, 0); font-family: arial, helvetica, sans-serif;\">&nbsp;go into the goal?<\/span><\/span>","DataExportTag":"T-D end","QuestionID":"QID71"}},{"SurveyID":"SV_eeywFvrWwRbD7Xn","Element":"SQ","PrimaryAttribute":"QID2","SecondaryAttribute":"In this game, you'll see movies of colliding billiard balls. Here are two billiard balls, \u00a0and ....","TertiaryAttribute":null,"Payload":{"QuestionText":"<img src=\"https:\/\/yale.qualtrics.com\/CP\/Graphic.php?IM=IM_0x44fn2Y0CPLPeJ\" style=\"width: 600px; height: 450px;\" \/><br \/>\n<br \/>\nIn this game, you&#39;ll see movies of colliding billiard balls. Here are two billiard balls, <img src=\"https:\/\/yale.qualtrics.com\/CP\/Graphic.php?IM=IM_2aj9caOqfxOjtaZ\" style=\"width: 25px; height: 25px;\" \/>&nbsp;and <img src=\"https:\/\/yale.qualtrics.com\/CP\/Graphic.php?IM=IM_2sZfKDx6jEHSxgx\" style=\"width: 25px; height: 25px;\" \/>. The red area on the left is the &quot;goal&quot;, like in soccer. I&#39;m going to show you three movies on the next three pages. When you&#39;re ready to see each movie, tap the screen, and the movie will play once. Each movie <em>only<\/em> plays once, so watch them carefully! After each movie finishes, I have a couple questions about it.","DefaultChoices":false,"DataExportTag":"Instr","QuestionType":"DB","Selector":"TB","Configuration":{"QuestionDescriptionOption":"UseText"},"QuestionDescription":"In this game, you'll see movies of colliding billiard balls. Here are two billiard balls, \u00a0and ....","ChoiceOrder":[],"Validation":{"Settings":{"Type":"None"}},"GradingData":[],"Language":[],"QuestionID":"QID2"}},{"SurveyID":"SV_eeywFvrWwRbD7Xn","Element":"SQ","PrimaryAttribute":"QID35","SecondaryAttribute":"Please enter your age in years (optional, but encouraged)","TertiaryAttribute":null,"Payload":{"QuestionText":"Please enter your age in years (optional, but encouraged)","DefaultChoices":false,"DataExportTag":"age","QuestionType":"TE","Selector":"SL","Configuration":{"QuestionDescriptionOption":"UseText"},"QuestionDescription":"Please enter your age in years (optional, but encouraged)","Validation":{"Settings":{"ForceResponse":"OFF","ForceResponseType":"ON","Type":"ContentType","ContentType":"ValidNumber","ValidDateType":"DateWithFormat","ValidPhoneType":"ValidUSPhone","ValidZipType":"ValidUSZip"}},"GradingData":[],"Language":[],"QuestionID":"QID35"}},{"SurveyID":"SV_eeywFvrWwRbD7Xn","Element":"SQ","PrimaryAttribute":"QID46","SecondaryAttribute":"Please indicate your gender","TertiaryAttribute":null,"Payload":{"QuestionText":"Please indicate your gender","DataExportTag":"sex","QuestionType":"MC","Selector":"SAVR","SubSelector":"TX","Configuration":{"QuestionDescriptionOption":"UseText"},"QuestionDescription":"Please indicate your gender","Choices":{"1":{"Display":"Male"},"2":{"Display":"Female"}},"ChoiceOrder":[1,2],"Validation":{"Settings":{"ForceResponse":"OFF","ForceResponseType":"ON"}},"Language":[],"QuestionID":"QID46"}},{"SurveyID":"SV_eeywFvrWwRbD7Xn","Element":"SQ","PrimaryAttribute":"QID32","SecondaryAttribute":"Please indicate your gender (optional, but encouraged)","TertiaryAttribute":null,"Payload":{"QuestionText":"Please indicate your gender (optional, but encouraged)","DataExportTag":"sex","QuestionType":"MC","Selector":"SAVR","SubSelector":"TX","Configuration":{"QuestionDescriptionOption":"UseText"},"QuestionDescription":"Please indicate your gender (optional, but encouraged)","Choices":{"1":{"Display":"Male"},"2":{"Display":"Female"}},"ChoiceOrder":[1,2],"Validation":{"Settings":{"ForceResponse":"OFF","ForceResponseType":"ON"}},"Language":[],"QuestionID":"QID32"}},{"SurveyID":"SV_eeywFvrWwRbD7Xn","Element":"SQ","PrimaryAttribute":"QID15","SecondaryAttribute":"Please let us know if you have any feedback about this survey, or\nclick the \"next\" button to rece...","TertiaryAttribute":null,"Payload":{"QuestionText":"Please let us know if you have any feedback about this survey, or click the \"next\" button to receive your code.","DefaultChoices":false,"DataExportTag":"Comments","QuestionID":"QID15","QuestionType":"TE","Selector":"ESTB","Configuration":{"QuestionDescriptionOption":"UseText"},"QuestionDescription":"Please let us know if you have any feedback about this survey, or\nclick the \"next\" button to rece...","Validation":{"Settings":{"ForceResponse":"OFF","ForceResponseType":"ON","Type":"None"}},"GradingData":[],"Language":[]}},{"SurveyID":"SV_eeywFvrWwRbD7Xn","Element":"SQ","PrimaryAttribute":"QID45","SecondaryAttribute":"SNUM","TertiaryAttribute":null,"Payload":{"QuestionText":"SNUM","DefaultChoices":false,"DataExportTag":"Snum","QuestionType":"TE","Selector":"SL","Configuration":{"QuestionDescriptionOption":"UseText"},"QuestionDescription":"SNUM","Validation":{"Settings":{"ForceResponse":"OFF","ForceResponseType":"ON","Type":"None"}},"GradingData":[],"Language":[],"QuestionID":"QID45"}},{"SurveyID":"SV_eeywFvrWwRbD7Xn","Element":"SQ","PrimaryAttribute":"QID34","SecondaryAttribute":"THE FOLLOWING IS AN OPTIONAL ETHNICITY QUESTIONNAIRE. \u00a0YOU\n DO NOT HAVE TO FILL IT OUT, YOUR COMP..","TertiaryAttribute":null,"Payload":{"QuestionText":"<div>THE FOLLOWING IS AN OPTIONAL ETHNICITY QUESTIONNAIRE. &nbsp;YOU DO NOT HAVE TO FILL IT OUT, YOUR COMPENSATION WILL NOT BE AFFECTED.<\/div><div><br><\/div>Which of the following racial categories best describes you? &nbsp;(Please check off the applicable box\/boxes)","DataExportTag":"race","QuestionType":"MC","Selector":"MAVR","SubSelector":"TX","Configuration":{"QuestionDescriptionOption":"UseText"},"QuestionDescription":"THE FOLLOWING IS AN OPTIONAL ETHNICITY QUESTIONNAIRE. \u00a0YOU\n DO NOT HAVE TO FILL IT OUT, YOUR COMP...","Choices":{"1":{"Display":"American Indian\/Alaskan Native"},"2":{"Display":"Asian"},"3":{"Display":"Native Hawaiian or Other Pacific Islander"},"4":{"Display":"Black or African American"},"5":{"Display":"White"},"6":{"Display":"More than one Race"},"7":{"Display":"Unknown\/Other"}},"ChoiceOrder":["1","2","3","4","5","6","7"],"Validation":{"Settings":{"ForceResponse":"OFF","ForceResponseType":"ON","Type":"None"}},"Language":[],"QuestionID":"QID34"}},{"SurveyID":"SV_eeywFvrWwRbD7Xn","Element":"SQ","PrimaryAttribute":"QID33","SecondaryAttribute":"THE FOLLOWING IS AN OPTIONAL ETHNICITY QUESTIONNAIRE. \u00a0YOU DO\nNOT HAVE TO FILL IT OUT, YOUR COMPE..","TertiaryAttribute":null,"Payload":{"QuestionText":"THE FOLLOWING IS AN OPTIONAL ETHNICITY QUESTIONNAIRE. &nbsp;YOU DO NOT HAVE TO FILL IT OUT, YOUR COMPENSATION WILL NOT BE AFFECTED.<div><br><\/div><div>With respect to Ethnicity, are you of Hispanic or Latin origin? &nbsp;Please pick one.<\/div>","DataExportTag":"hisp","QuestionType":"MC","Selector":"SAVR","SubSelector":"TX","Configuration":{"QuestionDescriptionOption":"UseText"},"QuestionDescription":"THE FOLLOWING IS AN OPTIONAL ETHNICITY QUESTIONNAIRE. \u00a0YOU DO\nNOT HAVE TO FILL IT OUT, YOUR COMPE...","Choices":{"1":{"Display":"Yes"},"2":{"Display":"No"}},"ChoiceOrder":["1","2"],"Validation":{"Settings":{"ForceResponse":"OFF","ForceResponseType":"ON"}},"Language":[],"QuestionID":"QID33"}},{"SurveyID":"SV_eeywFvrWwRbD7Xn","Element":"SQ","PrimaryAttribute":"QID48","SecondaryAttribute":"What grade are you in\/did you just finish?","TertiaryAttribute":null,"Payload":{"QuestionText":"What grade are you in\/did you just finish?","DataExportTag":"grade","QuestionType":"MC","Selector":"SAHR","SubSelector":"TX","Configuration":{"QuestionDescriptionOption":"UseText","LabelPosition":"BELOW"},"QuestionDescription":"What grade are you in\/did you just finish?","Choices":{"1":{"Display":"Pre-K"},"2":{"Display":"KG"},"3":{"Display":"1"},"4":{"Display":"2"},"5":{"Display":"3"},"6":{"Display":"4"},"7":{"Display":"5"},"8":{"Display":"Other"}},"ChoiceOrder":["1","2","3","4","5","6","7","8"],"Validation":{"Settings":{"ForceResponse":"OFF","ForceResponseType":"ON","Type":"None"}},"Language":[],"QuestionID":"QID48"}},{"SurveyID":"SV_eeywFvrWwRbD7Xn","Element":"SQ","PrimaryAttribute":"QID55","SecondaryAttribute":"What if the brick wall had not been there?\u00a0Would ball\u00a0\u00a0have gone into the goal?","TertiaryAttribute":null,"Payload":{"QuestionText":"<span style=\"font-size:16px;\"><span style=\"color: rgb(0, 0, 0); font-family: arial, helvetica, sans-serif;\">What if the brick wall h<\/span><span style=\"color: rgb(0, 0, 0); font-family: arial, helvetica, sans-serif;\">ad not been there?&nbsp;Would ball&nbsp;<\/span><img src=\"https:\/\/yale.qualtrics.com\/CP\/Graphic.php?IM=IM_2sZfKDx6jEHSxgx\" style=\"border: 0px; color: rgb(0, 0, 0); font-family: arial, helvetica, sans-serif; font-size: 12px; width: 25px; height: 25px;\"><span style=\"color: rgb(0, 0, 0); font-family: arial, helvetica, sans-serif;\">&nbsp;have gone into the goal?<\/span><\/span>","DataExportTag":"D-Acntrfct","QuestionType":"MC","Selector":"SAHR","SubSelector":"TX","Configuration":{"QuestionDescriptionOption":"UseText","LabelPosition":"BELOW"},"QuestionDescription":"What if the brick wall had not been there?\u00a0Would ball\u00a0\u00a0have gone into the goal?","Choices":{"1":{"Display":"Yes"},"2":{"Display":"No"}},"ChoiceOrder":["1","2"],"Validation":{"Settings":{"ForceResponse":"OFF","ForceResponseType":"ON","Type":"None"}},"Language":[],"QuestionID":"QID55"}},{"SurveyID":"SV_eeywFvrWwRbD7Xn","Element":"SQ","PrimaryAttribute":"QID18","SecondaryAttribute":"Your browser does not have flash enabled. Please enable flash for\nthis page (if you have flash in...","TertiaryAttribute":null,"Payload":{"QuestionText":"Your browser does not have flash enabled. Please enable flash for this page (if you have flash installed) and reload the survey.","DefaultChoices":false,"DataExportTag":"FlashFail","QuestionType":"DB","Selector":"TB","Configuration":{"QuestionDescriptionOption":"UseText"},"QuestionDescription":"Your browser does not have flash enabled. Please enable flash for\nthis page (if you have flash in...","ChoiceOrder":[],"Validation":{"Settings":{"Type":"None"}},"GradingData":[],"Language":[],"QuestionID":"QID18"}}]}