{"SurveyEntry":{"SurveyID":"SV_bC2Sa5LhaQKphch","SurveyName":"Physics CFR control","SurveyDescription":null,"SurveyOwnerID":"UR_0NEA50PNgPCnUWx","SurveyBrandID":"rutgers","DivisionID":"DV_6o1ZZaGGJccqalD","SurveyLanguage":"EN","SurveyActiveResponseSet":"RS_6SGgr5rMReGEScR","SurveyStatus":"Active","SurveyStartDate":"0000-00-00 00:00:00","SurveyExpirationDate":"0000-00-00 00:00:00","SurveyCreationDate":"2019-12-10 16:19:06","CreatorID":"UR_0NEA50PNgPCnUWx","LastModified":"2020-01-13 07:28:04","LastAccessed":"0000-00-00 00:00:00","LastActivated":"2019-12-10 17:38:09","Deleted":null},"SurveyElements":[{"SurveyID":"SV_bC2Sa5LhaQKphch","Element":"BL","PrimaryAttribute":"Survey Blocks","SecondaryAttribute":null,"TertiaryAttribute":null,"Payload":[{"Type":"Default","Description":"Task block","ID":"BL_4J9rWS8x9cG1xXL","BlockElements":[{"Type":"Question","QuestionID":"QID2"},{"Type":"Page Break"},{"Type":"Question","QuestionID":"QID3"},{"Type":"Page Break"},{"Type":"Question","QuestionID":"QID1"}]},{"Type":"Trash","Description":"Trash \/ Unused Questions","ID":"BL_6hcnAcxPad2gqTr"},{"Type":"Standard","SubType":"","Description":"Info","ID":"BL_1HVY4ptuNALfgi1","BlockElements":[{"Type":"Question","QuestionID":"QID4"},{"Type":"Question","QuestionID":"QID5"},{"Type":"Question","QuestionID":"QID6"},{"Type":"Question","QuestionID":"QID7"},{"Type":"Question","QuestionID":"QID8"}]},{"Type":"Standard","SubType":"","Description":"Training block","ID":"BL_5vfqhXThAUnN3CJ","BlockElements":[{"Type":"Question","QuestionID":"QID9"},{"Type":"Page Break"},{"Type":"Question","QuestionID":"QID10"}]}]},{"SurveyID":"SV_bC2Sa5LhaQKphch","Element":"FL","PrimaryAttribute":"Survey Flow","SecondaryAttribute":null,"TertiaryAttribute":null,"Payload":{"Type":"Root","FlowID":"FL_1","Flow":[{"Type":"Standard","ID":"BL_1HVY4ptuNALfgi1","FlowID":"FL_3"},{"ID":"BL_5vfqhXThAUnN3CJ","Type":"Standard","FlowID":"FL_4"},{"Type":"Block","ID":"BL_4J9rWS8x9cG1xXL","FlowID":"FL_2"}],"Properties":{"Count":4,"RemovedFieldsets":[]}}},{"SurveyID":"SV_bC2Sa5LhaQKphch","Element":"SO","PrimaryAttribute":"Survey Options","SecondaryAttribute":null,"TertiaryAttribute":null,"Payload":{"BackButton":"false","SaveAndContinue":"true","SurveyProtection":"PublicSurvey","BallotBoxStuffingPrevention":"false","NoIndex":"Yes","SecureResponseFiles":"true","SurveyExpiration":"None","SurveyTermination":"DefaultMessage","Header":"","Footer":"","ProgressBarDisplay":"None","PartialData":"+1 week","ValidationMessage":"","PreviousButton":" \u2190 ","NextButton":" \u2192 ","SkinLibrary":"rutgers","SkinType":"templated","Skin":{"brandingId":null,"templateId":"*base","overrides":null},"NewScoring":1,"CustomStyles":[],"ProtectSelectionIds":true}},{"SurveyID":"SV_bC2Sa5LhaQKphch","Element":"SCO","PrimaryAttribute":"Scoring","SecondaryAttribute":null,"TertiaryAttribute":null,"Payload":{"ScoringCategories":[],"ScoringCategoryGroups":[],"ScoringSummaryCategory":null,"ScoringSummaryAfterQuestions":0,"ScoringSummaryAfterSurvey":0,"DefaultScoringCategory":null,"AutoScoringCategory":null}},{"SurveyID":"SV_bC2Sa5LhaQKphch","Element":"PROJ","PrimaryAttribute":"CORE","SecondaryAttribute":null,"TertiaryAttribute":"1.1.0","Payload":{"ProjectCategory":"CORE","SchemaVersion":"1.1.0"}},{"SurveyID":"SV_bC2Sa5LhaQKphch","Element":"STAT","PrimaryAttribute":"Survey Statistics","SecondaryAttribute":null,"TertiaryAttribute":null,"Payload":{"MobileCompatible":false,"ID":"Survey Statistics"}},{"SurveyID":"SV_bC2Sa5LhaQKphch","Element":"SQ","PrimaryAttribute":"QID3","SecondaryAttribute":" ","TertiaryAttribute":null,"Payload":{"QuestionText":"<img src=\"https:\/\/rutgers.ca1.qualtrics.com\/CP\/Graphic.php?IM=IM_6LmwKPVqjAniOgd\" style=\"width: 600px; height: 525px;\" \/>","DefaultChoices":false,"DataExportTag":"Video","QuestionID":"QID3","QuestionType":"DB","Selector":"TB","Configuration":{"QuestionDescriptionOption":"UseText"},"QuestionDescription":" ","ChoiceOrder":[],"Validation":{"Settings":{"Type":"None"}},"GradingData":[],"Language":[],"NextChoiceId":4,"NextAnswerId":1}},{"SurveyID":"SV_bC2Sa5LhaQKphch","Element":"QC","PrimaryAttribute":"Survey Question Count","SecondaryAttribute":"10","TertiaryAttribute":null,"Payload":null},{"SurveyID":"SV_bC2Sa5LhaQKphch","Element":"SQ","PrimaryAttribute":"QID8","SecondaryAttribute":"Age","TertiaryAttribute":null,"Payload":{"QuestionText":"Age","DataExportTag":"Age","QuestionType":"MC","Selector":"SAHR","SubSelector":"TX","DataVisibility":{"Private":false,"Hidden":false},"Configuration":{"QuestionDescriptionOption":"UseText","LabelPosition":"BELOW"},"QuestionDescription":"Age","Choices":{"1":{"Display":"2"},"2":{"Display":"3"},"3":{"Display":"4"},"4":{"Display":"5"},"5":{"Display":"6"}},"ChoiceOrder":[1,2,3,4,5],"Validation":{"Settings":{"ForceResponse":"OFF","ForceResponseType":"ON","Type":"None"}},"Language":[],"NextChoiceId":11,"NextAnswerId":1,"QuestionID":"QID8"}},{"SurveyID":"SV_bC2Sa5LhaQKphch","Element":"RS","PrimaryAttribute":"RS_6SGgr5rMReGEScR","SecondaryAttribute":"Default Response Set","TertiaryAttribute":null,"Payload":null},{"SurveyID":"SV_bC2Sa5LhaQKphch","Element":"SQ","PrimaryAttribute":"QID4","SecondaryAttribute":"Location","TertiaryAttribute":null,"Payload":{"QuestionText":"Location","DefaultChoices":false,"DataExportTag":"Loc","QuestionType":"TE","Selector":"SL","DataVisibility":{"Private":false,"Hidden":false},"Configuration":{"QuestionDescriptionOption":"UseText"},"QuestionDescription":"Location","Validation":{"Settings":{"ForceResponse":"OFF","ForceResponseType":"ON","Type":"None"}},"GradingData":[],"Language":[],"NextChoiceId":4,"NextAnswerId":1,"SearchSource":{"AllowFreeResponse":"false"},"QuestionID":"QID4"}},{"SurveyID":"SV_bC2Sa5LhaQKphch","Element":"SQ","PrimaryAttribute":"QID5","SecondaryAttribute":"Location Subj ID","TertiaryAttribute":null,"Payload":{"QuestionText":"Location Subj ID","DefaultChoices":false,"DataExportTag":"LSID","QuestionType":"TE","Selector":"SL","DataVisibility":{"Private":false,"Hidden":false},"Configuration":{"QuestionDescriptionOption":"UseText"},"QuestionDescription":"Location Subj ID","Validation":{"Settings":{"ForceResponse":"OFF","ForceResponseType":"ON","Type":"None"}},"GradingData":[],"Language":[],"NextChoiceId":4,"NextAnswerId":1,"SearchSource":{"AllowFreeResponse":"false"},"QuestionID":"QID5"}},{"SurveyID":"SV_bC2Sa5LhaQKphch","Element":"SQ","PrimaryAttribute":"QID7","SecondaryAttribute":"Participant gender","TertiaryAttribute":null,"Payload":{"QuestionText":"Participant gender","DataExportTag":"Gender","QuestionType":"MC","Selector":"SAVR","SubSelector":"TX","DataVisibility":{"Private":false,"Hidden":false},"Configuration":{"QuestionDescriptionOption":"UseText"},"QuestionDescription":"Participant gender","Choices":{"1":{"Display":"Male"},"2":{"Display":"Female"},"3":{"Display":"Nonbinary"},"4":{"Display":"Other\/not provided"}},"ChoiceOrder":[1,2,"3","4"],"Validation":{"Settings":{"ForceResponse":"OFF","ForceResponseType":"ON"}},"Language":[],"NextChoiceId":5,"NextAnswerId":1,"QuestionID":"QID7"}},{"SurveyID":"SV_bC2Sa5LhaQKphch","Element":"SQ","PrimaryAttribute":"QID6","SecondaryAttribute":"SNUM","TertiaryAttribute":null,"Payload":{"QuestionText":"SNUM","DefaultChoices":false,"DataExportTag":"SNUM","QuestionType":"TE","Selector":"SL","DataVisibility":{"Private":false,"Hidden":false},"Configuration":{"QuestionDescriptionOption":"UseText"},"QuestionDescription":"SNUM","Validation":{"Settings":{"ForceResponse":"OFF","ForceResponseType":"ON","Type":"None"}},"GradingData":[],"Language":[],"NextChoiceId":1,"NextAnswerId":1,"SearchSource":{"AllowFreeResponse":"false"},"QuestionID":"QID6"}},{"SurveyID":"SV_bC2Sa5LhaQKphch","Element":"SQ","PrimaryAttribute":"QID10","SecondaryAttribute":"So here's a picture of what actually happened. Now I want to ask you a question: What if Lisa had...","TertiaryAttribute":null,"Payload":{"QuestionText":"So here&#39;s a picture of what actually happened.\n<div style=\"text-align: center;\"><img height=\"335\" src=\"https:\/\/rutgers.ca1.qualtrics.com\/CP\/Graphic.php?IM=IM_02PMgTUsKTjcehf\" style=\"width: 309px; height: 335px;\" width=\"309\" \/><\/div>\n\n<div>Now I want to ask you a question: What if Lisa had not dropped her ice cream cone? Which picture would she look like?<\/div>","DataExportTag":"TrainQ","QuestionType":"MC","Selector":"SAHR","SubSelector":"TX","Configuration":{"QuestionDescriptionOption":"UseText","LabelPosition":"BELOW"},"QuestionDescription":"So here's a picture of what actually happened. Now I want to ask you a question: What if Lisa had...","Choices":{"1":{"Display":"<div style=\"text-align: center;\"><img height=\"329\" src=\"https:\/\/rutgers.ca1.qualtrics.com\/CP\/Graphic.php?IM=IM_eWlEG0uwI7ZFonX\" style=\"width: 300px; height: 329px;\" width=\"300\" \/><\/div>\n"},"2":{"Display":"<img height=\"328\" src=\"https:\/\/rutgers.ca1.qualtrics.com\/CP\/Graphic.php?IM=IM_6XxJQIQoc7G7AnH\" style=\"width: 300px; height: 328px;\" width=\"300\" \/>"}},"ChoiceOrder":["1","2"],"Validation":{"Settings":{"ForceResponse":"OFF","ForceResponseType":"ON","Type":"None"}},"Language":[],"NextChoiceId":4,"NextAnswerId":1,"QuestionID":"QID10","Randomization":{"Advanced":null,"Type":"All","TotalRandSubset":""},"DataVisibility":{"Private":false,"Hidden":false}}},{"SurveyID":"SV_bC2Sa5LhaQKphch","Element":"SQ","PrimaryAttribute":"QID1","SecondaryAttribute":"So here's a picture of what actually happened. Now, if there were no block on the field, how woul...","TertiaryAttribute":null,"Payload":{"QuestionText":"So here's a picture of what actually happened.\n<div style=\"text-align: center;\"><img height=\"300\" src=\"https:\/\/rutgers.ca1.qualtrics.com\/CP\/Graphic.php?IM=IM_7NSXzE3dmxxBpI1\" style=\"width: 342px; height: 300px;\" width=\"342\"><\/div>\n<span style=\"font-size:12.0pt\"><span style=\"font-family:Calibri\"><span style=\"color:black\"><span style=\"language:en-US\">Now, if there were no block on the field, how would the ball have moved? Point to the picture that shows how the ball would have moved if there were no block on the field!<\/span><\/span><\/span><\/span>","DataExportTag":"Test","QuestionType":"MC","Selector":"SAHR","SubSelector":"TX","Configuration":{"QuestionDescriptionOption":"UseText","LabelPosition":"BELOW"},"QuestionDescription":"So here's a picture of what actually happened. Now, if there were no block on the field, how woul...","Choices":{"1":{"Display":"<img height=\"262\" src=\"https:\/\/rutgers.ca1.qualtrics.com\/CP\/Graphic.php?IM=IM_cZaqqGs8DrNgted\" style=\"width: 300px; height: 262px;\" width=\"300\" \/>"},"2":{"Display":"<img height=\"262\" src=\"https:\/\/rutgers.ca1.qualtrics.com\/CP\/Graphic.php?IM=IM_5hy2tBXPjpdSjyd\" style=\"width: 300px; height: 262px;\" width=\"300\" \/>"}},"ChoiceOrder":[1,2],"Validation":{"Settings":{"ForceResponse":"OFF","ForceResponseType":"ON","Type":"None"}},"Language":[],"NextChoiceId":3,"NextAnswerId":1,"QuestionID":"QID1","Randomization":{"Advanced":null,"Type":"All","TotalRandSubset":""},"DataVisibility":{"Private":false,"Hidden":false}}},{"SurveyID":"SV_bC2Sa5LhaQKphch","Element":"SQ","PrimaryAttribute":"QID2","SecondaryAttribute":"This is a picture of a field where people can play sports. For example here is a soccer ball. One...","TertiaryAttribute":null,"Payload":{"QuestionText":"<span style=\"language:en-US\"><span style=\"unicode-bidi:embed\"><span style=\"vertical-align:baseline\"><span style=\"punctuation-wrap:hanging\"><span style=\"font-size:12.0pt\"><span style=\"font-family:Calibri\"><span style=\"color:black\"><span style=\"language:en-US\">This is a picture of a field where people can play sports.<\/span><\/span><\/span><\/span><\/span><\/span><\/span><\/span>\n<div style=\"text-align: center;\"><img height=\"524\" src=\"https:\/\/rutgers.ca1.qualtrics.com\/CP\/Graphic.php?IM=IM_9TARHXFBQOXYLRP\" style=\"width: 600px; height: 524px;\" width=\"600\" \/><\/div>\n<span style=\"language:en-US\"><span style=\"unicode-bidi:embed\"><span style=\"vertical-align:baseline\"><span style=\"punctuation-wrap:hanging\"><span style=\"font-size:12.0pt\"><span style=\"font-family:Calibri\"><span style=\"color:black\"><span style=\"language:en-US\">For example here is a soccer ball. One of the sports people could play on this field is soccer!<\/span><\/span><\/span><\/span><\/span><\/span><\/span><\/span><br \/>\n<img height=\"900\" src=\"https:\/\/rutgers.ca1.qualtrics.com\/CP\/Graphic.php?IM=IM_39LfJOH2aAHTPgN\" style=\"width: 1600px; height: 900px;\" width=\"1600\" \/><br \/>\n<span style=\"language:en-US\"><span style=\"unicode-bidi:embed\"><span style=\"vertical-align:baseline\"><span style=\"punctuation-wrap:hanging\"><span style=\"font-size:12.0pt\"><span style=\"font-family:Calibri\"><span style=\"color:black\"><span style=\"language:en-US\">Now there is an arrow pointing to a box. The box is the <\/span><\/span><\/span><\/span><span style=\"font-size:12.0pt\"><span style=\"font-family:Calibri\"><span style=\"color:black\"><span style=\"language:en-US\">goal! So when the ball goes into the goal, one of the teams scores a point!<\/span><\/span><\/span><\/span><\/span><\/span><\/span><\/span><br \/>\n<img height=\"901\" src=\"https:\/\/rutgers.ca1.qualtrics.com\/CP\/Graphic.php?IM=IM_6YiEF7HO2m9fdEp\" style=\"width: 1600px; height: 901px;\" width=\"1600\" \/><br \/>\n<span style=\"language:en-US\"><span style=\"unicode-bidi:embed\"><span style=\"vertical-align:baseline\"><span style=\"punctuation-wrap:hanging\"><span style=\"font-size:12.0pt\"><span style=\"font-family:Calibri\"><span style=\"color:black\"><span style=\"language:en-US\">There is one more <\/span><\/span><\/span><\/span><span style=\"font-size:12.0pt\"><span style=\"font-family:Calibri\"><span style=\"color:black\"><span style=\"language:en-US\">really important thing about the field. Sometimes, there is a big wooden block on the field.Here is the big wooden block. If the ball hits the block, the ball can bounce and go in a new direction!<\/span><\/span><\/span><\/span><\/span><\/span><\/span><\/span><br \/>\n<img height=\"901\" src=\"https:\/\/rutgers.ca1.qualtrics.com\/CP\/Graphic.php?IM=IM_9YoRcZLvyQ1Is4Z\" style=\"width: 1600px; height: 901px;\" width=\"1600\" \/><br \/>\n<span style=\"language:en-US\"><span style=\"unicode-bidi:embed\"><span style=\"vertical-align:baseline\"><span style=\"punctuation-wrap:hanging\"><span style=\"font-size:12.0pt\"><span style=\"font-family:Calibri\"><span style=\"color:black\"><span style=\"language:en-US\">Now I&rsquo;m going to show you a short video of the ball moving, and then I&#39;m going to ask you a question about it. <\/span><\/span><\/span><\/span><\/span><\/span><\/span><\/span><br \/>\n&nbsp;","DefaultChoices":false,"DataExportTag":"Instructions","QuestionType":"DB","Selector":"TB","Configuration":{"QuestionDescriptionOption":"UseText"},"QuestionDescription":"This is a picture of a field where people can play sports. For example here is a soccer ball. One...","ChoiceOrder":[],"Validation":{"Settings":{"Type":"None"}},"GradingData":[],"Language":[],"NextChoiceId":4,"NextAnswerId":1,"QuestionID":"QID2","DataVisibility":{"Private":false,"Hidden":false}}},{"SurveyID":"SV_bC2Sa5LhaQKphch","Element":"SQ","PrimaryAttribute":"QID9","SecondaryAttribute":"We're going to play a game where I tell you some stories and then ask you a question about it. He...","TertiaryAttribute":null,"Payload":{"QuestionText":"We&#39;re going to play a game where I tell you some stories and then ask you a question about it. Here&#39;s the first story!<br \/>\n<br \/>\nThis girl&#39;s name is Lisa<br \/>\n<img src=\"https:\/\/rutgers.ca1.qualtrics.com\/CP\/Graphic.php?IM=IM_3NJH1UgGVjLqyGx\" style=\"width: 249px; height: 327px;\" \/><br \/>\nOne day, Lisa got an ice cream cone, and so she was very happy. But then...<br \/>\n<img src=\"https:\/\/rutgers.ca1.qualtrics.com\/CP\/Graphic.php?IM=IM_0DFkDChD0fJKPt3\" style=\"width: 493px; height: 535px;\" \/><br \/>\n<br \/>\n...she slipped and dropped her ice cream cone on the ground. This made her very sad.<br \/>\n<img src=\"https:\/\/rutgers.ca1.qualtrics.com\/CP\/Graphic.php?IM=IM_02PMgTUsKTjcehf\" style=\"width: 493px; height: 535px;\" \/>","DefaultChoices":false,"DataExportTag":"TrainStory","QuestionType":"DB","Selector":"TB","Configuration":{"QuestionDescriptionOption":"UseText"},"QuestionDescription":"We're going to play a game where I tell you some stories and then ask you a question about it. He...","ChoiceOrder":[],"Validation":{"Settings":{"Type":"None"}},"GradingData":[],"Language":[],"NextChoiceId":4,"NextAnswerId":1,"QuestionID":"QID9","DataVisibility":{"Private":false,"Hidden":false}}}]}